<?xml version="1.0" encoding="UTF-8"?>
<CONFIG>
  <ProjectOptions>
    <Version Value="9"/>
    <General>
      <SessionStorage Value="InProjectDir"/>
      <MainUnit Value="0"/>
      <Title Value="demo4"/>
      <ResourceType Value="res"/>
      <UseXPManifest Value="True"/>
      <Icon Value="0"/>
    </General>
    <i18n>
      <EnableI18N LFM="False"/>
    </i18n>
    <VersionInfo>
      <StringTable ProductVersion=""/>
    </VersionInfo>
    <BuildModes Count="1">
      <Item1 Name="Default" Default="True"/>
    </BuildModes>
    <PublishOptions>
      <Version Value="2"/>
    </PublishOptions>
    <RunParams>
      <local>
        <FormatVersion Value="1"/>
      </local>
    </RunParams>
    <RequiredPackages Count="2">
      <Item1>
        <PackageName Value="LazOpenGLContext"/>
      </Item1>
      <Item2>
        <PackageName Value="LCL"/>
      </Item2>
    </RequiredPackages>
    <Units Count="32">
      <Unit0>
        <Filename Value="demo4.lpr"/>
        <IsPartOfProject Value="True"/>
      </Unit0>
      <Unit1>
        <Filename Value="ufrmmain.pas"/>
        <IsPartOfProject Value="True"/>
        <ComponentName Value="Form1"/>
        <HasResources Value="True"/>
        <ResourceBaseClass Value="Form"/>
        <UnitName Value="ufrmMain"/>
      </Unit1>
      <Unit2>
        <Filename Value="../graphics/opengl/factory/openglrendererfactory.pas"/>
        <IsPartOfProject Value="True"/>
        <UnitName Value="OpenGLRendererFactory"/>
      </Unit2>
      <Unit3>
        <Filename Value="../graphics/rendertime.pas"/>
        <IsPartOfProject Value="True"/>
        <UnitName Value="renderTime"/>
      </Unit3>
      <Unit4>
        <Filename Value="../graphics/basicrendertime.pas"/>
        <IsPartOfProject Value="True"/>
        <UnitName Value="basicRenderTime"/>
      </Unit4>
      <Unit5>
        <Filename Value="rendercommands/cuberendercommand.pas"/>
        <IsPartOfProject Value="True"/>
        <UnitName Value="cubeRenderCommand"/>
      </Unit5>
      <Unit6>
        <Filename Value="../graphics/renderbuffer.pas"/>
        <IsPartOfProject Value="True"/>
        <UnitName Value="renderBuffer"/>
      </Unit6>
      <Unit7>
        <Filename Value="../graphics/baserenderbuffer.pas"/>
        <IsPartOfProject Value="True"/>
        <UnitName Value="baseRenderBuffer"/>
      </Unit7>
      <Unit8>
        <Filename Value="../graphics/opengl/openglvertexbuffer.pas"/>
        <IsPartOfProject Value="True"/>
        <UnitName Value="OpenGLVertexBuffer"/>
      </Unit8>
      <Unit9>
        <Filename Value="../graphics/opengl/openglcolorbuffer.pas"/>
        <IsPartOfProject Value="True"/>
        <UnitName Value="OpenGLColorBuffer"/>
      </Unit9>
      <Unit10>
        <Filename Value="../graphics/opengl/openglindexbuffer.pas"/>
        <IsPartOfProject Value="True"/>
        <UnitName Value="OpenGLIndexBuffer"/>
      </Unit10>
      <Unit11>
        <Filename Value="../graphics/vertexbuffer.pas"/>
        <IsPartOfProject Value="True"/>
      </Unit11>
      <Unit12>
        <Filename Value="../graphics/indexbuffer.pas"/>
        <IsPartOfProject Value="True"/>
      </Unit12>
      <Unit13>
        <Filename Value="../graphics/shader.pas"/>
        <IsPartOfProject Value="True"/>
      </Unit13>
      <Unit14>
        <Filename Value="../graphics/shaderprogram.pas"/>
        <IsPartOfProject Value="True"/>
      </Unit14>
      <Unit15>
        <Filename Value="../graphics/baseshader.pas"/>
        <IsPartOfProject Value="True"/>
      </Unit15>
      <Unit16>
        <Filename Value="../graphics/basicshader.pas"/>
        <IsPartOfProject Value="True"/>
        <UnitName Value="BasicShader"/>
      </Unit16>
      <Unit17>
        <Filename Value="../graphics/opengl/openglvertexshader.pas"/>
        <IsPartOfProject Value="True"/>
      </Unit17>
      <Unit18>
        <Filename Value="../graphics/constants.pas"/>
        <IsPartOfProject Value="True"/>
      </Unit18>
      <Unit19>
        <Filename Value="../graphics/basicprogram.pas"/>
        <IsPartOfProject Value="True"/>
      </Unit19>
      <Unit20>
        <Filename Value="../graphics/opengl/openglshaderprogram.pas"/>
        <IsPartOfProject Value="True"/>
      </Unit20>
      <Unit21>
        <Filename Value="shader/vertexShader.glsl"/>
        <IsPartOfProject Value="True"/>
      </Unit21>
      <Unit22>
        <Filename Value="shader/fragmentShader.glsl"/>
        <IsPartOfProject Value="True"/>
      </Unit22>
      <Unit23>
        <Filename Value="../graphics/opengl/openglshader.pas"/>
        <IsPartOfProject Value="True"/>
      </Unit23>
      <Unit24>
        <Filename Value="../graphics/opengl/openglfragmentshader.pas"/>
        <IsPartOfProject Value="True"/>
      </Unit24>
      <Unit25>
        <Filename Value="../graphics/rendererprofile.pas"/>
        <IsPartOfProject Value="True"/>
        <UnitName Value="rendererProfile"/>
      </Unit25>
      <Unit26>
        <Filename Value="../graphics/baserendererprofile.pas"/>
        <IsPartOfProject Value="True"/>
        <UnitName Value="baseRendererProfile"/>
      </Unit26>
      <Unit27>
        <Filename Value="../graphics/opengl/opengl20rendererprofile.pas"/>
        <IsPartOfProject Value="True"/>
        <UnitName Value="OpenGL20RendererProfile"/>
      </Unit27>
      <Unit28>
        <Filename Value="../graphics/utils/shadercompilationhelper.pas"/>
        <IsPartOfProject Value="True"/>
        <UnitName Value="shaderCompilationHelper"/>
      </Unit28>
      <Unit29>
        <Filename Value="../graphics/utils/baseshadercompilationhelper.pas"/>
        <IsPartOfProject Value="True"/>
        <UnitName Value="baseShaderCompilationHelper"/>
      </Unit29>
      <Unit30>
        <Filename Value="../graphics/opengl/utils/openglshadercompilationhelper.pas"/>
        <IsPartOfProject Value="True"/>
        <UnitName Value="OpenGLShaderCompilationHelper"/>
      </Unit30>
      <Unit31>
        <Filename Value="../graphics/opengl/openglgeometryshader.pas"/>
        <IsPartOfProject Value="True"/>
        <UnitName Value="OpenGLGeometryShader"/>
      </Unit31>
    </Units>
  </ProjectOptions>
  <CompilerOptions>
    <Version Value="11"/>
    <Target>
      <Filename Value="bin/demo4"/>
    </Target>
    <SearchPaths>
      <IncludeFiles Value="$(ProjOutDir)"/>
      <OtherUnitFiles Value="../graphics;../graphics/opengl;../graphics/opengl/factory;../graphics/rendercommands;../graphics/utils;rendercommands;../vectors;../vectors/utils;../graphics/opengl/utils"/>
      <UnitOutputDirectory Value="lib/$(TargetCPU)-$(TargetOS)"/>
    </SearchPaths>
    <Linking>
      <Options>
        <Win32>
          <GraphicApplication Value="True"/>
        </Win32>
      </Options>
    </Linking>
  </CompilerOptions>
  <Debugging>
    <Exceptions Count="3">
      <Item1>
        <Name Value="EAbort"/>
      </Item1>
      <Item2>
        <Name Value="ECodetoolError"/>
      </Item2>
      <Item3>
        <Name Value="EFOpenError"/>
      </Item3>
    </Exceptions>
  </Debugging>
</CONFIG>
