<?xml version="1.0" encoding="UTF-8"?>
<CONFIG>
  <ProjectOptions>
    <Version Value="9"/>
    <General>
      <SessionStorage Value="InProjectDir"/>
      <MainUnit Value="0"/>
      <Title Value="demo4"/>
      <ResourceType Value="res"/>
      <UseXPManifest Value="True"/>
      <Icon Value="0"/>
    </General>
    <i18n>
      <EnableI18N LFM="False"/>
    </i18n>
    <VersionInfo>
      <StringTable ProductVersion=""/>
    </VersionInfo>
    <BuildModes Count="1">
      <Item1 Name="Default" Default="True"/>
    </BuildModes>
    <PublishOptions>
      <Version Value="2"/>
    </PublishOptions>
    <RunParams>
      <local>
        <FormatVersion Value="1"/>
      </local>
    </RunParams>
    <RequiredPackages Count="2">
      <Item1>
        <PackageName Value="LazOpenGLContext"/>
      </Item1>
      <Item2>
        <PackageName Value="LCL"/>
      </Item2>
    </RequiredPackages>
    <Units Count="11">
      <Unit0>
        <Filename Value="demo4.lpr"/>
        <IsPartOfProject Value="True"/>
      </Unit0>
      <Unit1>
        <Filename Value="ufrmmain.pas"/>
        <IsPartOfProject Value="True"/>
        <ComponentName Value="Form1"/>
        <HasResources Value="True"/>
        <ResourceBaseClass Value="Form"/>
        <UnitName Value="ufrmMain"/>
      </Unit1>
      <Unit2>
        <Filename Value="../graphics/opengl/factory/openglrendererfactory.pas"/>
        <IsPartOfProject Value="True"/>
        <UnitName Value="OpenGLRendererFactory"/>
      </Unit2>
      <Unit3>
        <Filename Value="../graphics/rendertime.pas"/>
        <IsPartOfProject Value="True"/>
        <UnitName Value="renderTime"/>
      </Unit3>
      <Unit4>
        <Filename Value="../graphics/basicrendertime.pas"/>
        <IsPartOfProject Value="True"/>
        <UnitName Value="basicRenderTime"/>
      </Unit4>
      <Unit5>
        <Filename Value="rendercommands/cuberendercommand.pas"/>
        <IsPartOfProject Value="True"/>
        <UnitName Value="cubeRenderCommand"/>
      </Unit5>
      <Unit6>
        <Filename Value="../graphics/renderbuffer.pas"/>
        <IsPartOfProject Value="True"/>
        <UnitName Value="renderBuffer"/>
      </Unit6>
      <Unit7>
        <Filename Value="../graphics/baserenderbuffer.pas"/>
        <IsPartOfProject Value="True"/>
        <UnitName Value="baseRenderBuffer"/>
      </Unit7>
      <Unit8>
        <Filename Value="../graphics/opengl/openglvertexbuffer.pas"/>
        <IsPartOfProject Value="True"/>
        <UnitName Value="OpenGLVertexBuffer"/>
      </Unit8>
      <Unit9>
        <Filename Value="../graphics/opengl/openglcolorbuffer.pas"/>
        <IsPartOfProject Value="True"/>
        <UnitName Value="OpenGLColorBuffer"/>
      </Unit9>
      <Unit10>
        <Filename Value="../graphics/opengl/openglindexbuffer.pas"/>
        <IsPartOfProject Value="True"/>
        <UnitName Value="OpenGLIndexBuffer"/>
      </Unit10>
    </Units>
  </ProjectOptions>
  <CompilerOptions>
    <Version Value="11"/>
    <Target>
      <Filename Value="bin/demo4"/>
    </Target>
    <SearchPaths>
      <IncludeFiles Value="$(ProjOutDir)"/>
      <OtherUnitFiles Value="../graphics;../graphics/opengl;../graphics/opengl/factory;../graphics/rendercommands;../graphics/utils;rendercommands;../vectors;../vectors/utils"/>
      <UnitOutputDirectory Value="lib/$(TargetCPU)-$(TargetOS)"/>
    </SearchPaths>
    <Linking>
      <Options>
        <Win32>
          <GraphicApplication Value="True"/>
        </Win32>
      </Options>
    </Linking>
  </CompilerOptions>
  <Debugging>
    <Exceptions Count="3">
      <Item1>
        <Name Value="EAbort"/>
      </Item1>
      <Item2>
        <Name Value="ECodetoolError"/>
      </Item2>
      <Item3>
        <Name Value="EFOpenError"/>
      </Item3>
    </Exceptions>
  </Debugging>
</CONFIG>
